
Microsoft Visual Studio Solution File, Format Version 12.00
# Visual Studio 15
VisualStudioVersion = 15.0.28307.421
MinimumVisualStudioVersion = 10.0.40219.1
Project("{FAE04EC0-301F-11D3-BF4B-00C04F79EFBC}") = "WebApp2", "WebApp2\WebApp2.csproj", "{98289889-30F8-403D-94EC-1C8E1BC84F2C}"
EndProject
Project("{E53339B2-1760-4266-BCC7-CA923CBCF16C}") = "docker-compose", "docker-compose.dcproj", "{F1C3316F-A7D6-4655-BDE2-4D2EDCF154ED}"
EndProject
Global
	GlobalSection(SolutionConfigurationPlatforms) = preSolution
		Debug|Any CPU = Debug|Any CPU
		Release|Any CPU = Release|Any CPU
	EndGlobalSection
	GlobalSection(ProjectConfigurationPlatforms) = postSolution
		{98289889-30F8-403D-94EC-1C8E1BC84F2C}.Debug|Any CPU.ActiveCfg = Debug|Any CPU
		{98289889-30F8-403D-94EC-1C8E1BC84F2C}.Debug|Any CPU.Build.0 = Debug|Any CPU
		{98289889-30F8-403D-94EC-1C8E1BC84F2C}.Release|Any CPU.ActiveCfg = Release|Any CPU
		{98289889-30F8-403D-94EC-1C8E1BC84F2C}.Release|Any CPU.Build.0 = Release|Any CPU
		{F1C3316F-A7D6-4655-BDE2-4D2EDCF154ED}.Debug|Any CPU.ActiveCfg = Debug|Any CPU
		{F1C3316F-A7D6-4655-BDE2-4D2EDCF154ED}.Debug|Any CPU.Build.0 = Debug|Any CPU
		{F1C3316F-A7D6-4655-BDE2-4D2EDCF154ED}.Release|Any CPU.ActiveCfg = Release|Any CPU
		{F1C3316F-A7D6-4655-BDE2-4D2EDCF154ED}.Release|Any CPU.Build.0 = Release|Any CPU
	EndGlobalSection
	GlobalSection(SolutionProperties) = preSolution
		HideSolutionNode = FALSE
	EndGlobalSection
	GlobalSection(ExtensibilityGlobals) = postSolution
		SolutionGuid = {CE701E2B-49F1-4D1B-B8C3-4B5071E48805}
	EndGlobalSection
EndGlobal
