
Microsoft Visual Studio Solution File, Format Version 12.00
# Visual Studio 15
VisualStudioVersion = 15.0.28307.421
MinimumVisualStudioVersion = 10.0.40219.1
Project("{FAE04EC0-301F-11D3-BF4B-00C04F79EFBC}") = "WebApp1", "WebApp1\WebApp1.csproj", "{CF311619-E7E7-4232-A4C9-A18EC7FB8688}"
EndProject
Project("{E53339B2-1760-4266-BCC7-CA923CBCF16C}") = "docker-compose", "docker-compose.dcproj", "{B54793C0-15C9-497E-B0B0-17FD592B09C7}"
EndProject
Global
	GlobalSection(SolutionConfigurationPlatforms) = preSolution
		Debug|Any CPU = Debug|Any CPU
		Release|Any CPU = Release|Any CPU
	EndGlobalSection
	GlobalSection(ProjectConfigurationPlatforms) = postSolution
		{CF311619-E7E7-4232-A4C9-A18EC7FB8688}.Debug|Any CPU.ActiveCfg = Debug|Any CPU
		{CF311619-E7E7-4232-A4C9-A18EC7FB8688}.Debug|Any CPU.Build.0 = Debug|Any CPU
		{CF311619-E7E7-4232-A4C9-A18EC7FB8688}.Release|Any CPU.ActiveCfg = Release|Any CPU
		{CF311619-E7E7-4232-A4C9-A18EC7FB8688}.Release|Any CPU.Build.0 = Release|Any CPU
		{B54793C0-15C9-497E-B0B0-17FD592B09C7}.Debug|Any CPU.ActiveCfg = Debug|Any CPU
		{B54793C0-15C9-497E-B0B0-17FD592B09C7}.Debug|Any CPU.Build.0 = Debug|Any CPU
		{B54793C0-15C9-497E-B0B0-17FD592B09C7}.Release|Any CPU.ActiveCfg = Release|Any CPU
		{B54793C0-15C9-497E-B0B0-17FD592B09C7}.Release|Any CPU.Build.0 = Release|Any CPU
	EndGlobalSection
	GlobalSection(SolutionProperties) = preSolution
		HideSolutionNode = FALSE
	EndGlobalSection
	GlobalSection(ExtensibilityGlobals) = postSolution
		SolutionGuid = {1A145CCF-C41D-4B58-9B7C-D8BA70AF9423}
	EndGlobalSection
EndGlobal
