
Microsoft Visual Studio Solution File, Format Version 12.00
# Visual Studio 15
VisualStudioVersion = 15.0.28307.421
MinimumVisualStudioVersion = 10.0.40219.1
Project("{FAE04EC0-301F-11D3-BF4B-00C04F79EFBC}") = "APIGateway", "APIGateway\APIGateway.csproj", "{2AD844B9-75A8-449F-93A5-F6069C2FAE3B}"
EndProject
Global
	GlobalSection(SolutionConfigurationPlatforms) = preSolution
		Debug|Any CPU = Debug|Any CPU
		Release|Any CPU = Release|Any CPU
	EndGlobalSection
	GlobalSection(ProjectConfigurationPlatforms) = postSolution
		{2AD844B9-75A8-449F-93A5-F6069C2FAE3B}.Debug|Any CPU.ActiveCfg = Debug|Any CPU
		{2AD844B9-75A8-449F-93A5-F6069C2FAE3B}.Debug|Any CPU.Build.0 = Debug|Any CPU
		{2AD844B9-75A8-449F-93A5-F6069C2FAE3B}.Release|Any CPU.ActiveCfg = Release|Any CPU
		{2AD844B9-75A8-449F-93A5-F6069C2FAE3B}.Release|Any CPU.Build.0 = Release|Any CPU
	EndGlobalSection
	GlobalSection(SolutionProperties) = preSolution
		HideSolutionNode = FALSE
	EndGlobalSection
	GlobalSection(ExtensibilityGlobals) = postSolution
		SolutionGuid = {F06C55DC-A4FE-4C59-A6F9-FB22355CE8AF}
	EndGlobalSection
EndGlobal
